{
  "name": "zax",
  "lockfileVersion": 2,
  "requires": true,
  "packages": {
    "": {
      "dependencies": {
        "zax-dashboard": "^1.0.6"
      }
    },
    "node_modules/@angular/animations": {
      "version": "17.1.2",
      "resolved": "https://registry.npmjs.org/@angular/animations/-/animations-17.1.2.tgz",
      "integrity": "sha512-ZsHa/zoWBOZdispjcNgXCoF9MAtc6Zyzc/QFUjtOFI9vigOI8tWP6GY1Wfeg4cyL+R3uDGYBgMrdr8l84VfuKg==",
      "dependencies": {
        "tslib": "^2.3.0"
      },
      "engines": {
        "node": "^18.13.0 || >=20.9.0"
      },
      "peerDependencies": {
        "@angular/core": "17.1.2"
      }
    },
    "node_modules/@angular/common": {
      "version": "17.1.2",
      "resolved": "https://registry.npmjs.org/@angular/common/-/common-17.1.2.tgz",
      "integrity": "sha512-y/wD+zuPaPgK3dB80Q63qBtuu5TuryKuUgjWrOmrguBWV9oiJRhKQrcp1gVw9vVrowmbDBKGtPMS622Q4oxOWQ==",
      "dependencies": {
        "tslib": "^2.3.0"
      },
      "engines": {
        "node": "^18.13.0 || >=20.9.0"
      },
      "peerDependencies": {
        "@angular/core": "17.1.2",
        "rxjs": "^6.5.3 || ^7.4.0"
      }
    },
    "node_modules/@angular/compiler": {
      "version": "17.1.2",
      "resolved": "https://registry.npmjs.org/@angular/compiler/-/compiler-17.1.2.tgz",
      "integrity": "sha512-1vJuQRM5V01nC6qsLvBKrHVZXpzbK0YKubwVQUXCSfDNZBcDFak3SQcwU4C2t880rU3ZvFDB1UWfk7CKn5w9Kw==",
      "dependencies": {
        "tslib": "^2.3.0"
      },
      "engines": {
        "node": "^18.13.0 || >=20.9.0"
      },
      "peerDependencies": {
        "@angular/core": "17.1.2"
      },
      "peerDependenciesMeta": {
        "@angular/core": {
          "optional": true
        }
      }
    },
    "node_modules/@angular/core": {
      "version": "17.1.2",
      "resolved": "https://registry.npmjs.org/@angular/core/-/core-17.1.2.tgz",
      "integrity": "sha512-0M787BZVgYSVogHCUzo/dFrT56TgfQoEsOQngHMpyERJZv6dycXZlRdHc6TzvHUa+Uu/MNjn/RclBR8063bdWA==",
      "dependencies": {
        "tslib": "^2.3.0"
      },
      "engines": {
        "node": "^18.13.0 || >=20.9.0"
      },
      "peerDependencies": {
        "rxjs": "^6.5.3 || ^7.4.0",
        "zone.js": "~0.14.0"
      }
    },
    "node_modules/@angular/forms": {
      "version": "17.1.2",
      "resolved": "https://registry.npmjs.org/@angular/forms/-/forms-17.1.2.tgz",
      "integrity": "sha512-n1WsZAL2IVOB6ocROKR6CFOR14PIC9RGAB41SwTfPhJeBM1kjW48bXY0sw97TasxM4mWJKGCmFXu0jQwkoeSpQ==",
      "dependencies": {
        "tslib": "^2.3.0"
      },
      "engines": {
        "node": "^18.13.0 || >=20.9.0"
      },
      "peerDependencies": {
        "@angular/common": "17.1.2",
        "@angular/core": "17.1.2",
        "@angular/platform-browser": "17.1.2",
        "rxjs": "^6.5.3 || ^7.4.0"
      }
    },
    "node_modules/@angular/platform-browser": {
      "version": "17.1.2",
      "resolved": "https://registry.npmjs.org/@angular/platform-browser/-/platform-browser-17.1.2.tgz",
      "integrity": "sha512-unfpA5OLnqDmDb/oAQR2t2iROpOg02qwZayxyFg4MUZdDdnghPCfX77L2sr6oVVa7OJfKYFlmwmBXX1H3zjcXA==",
      "dependencies": {
        "tslib": "^2.3.0"
      },
      "engines": {
        "node": "^18.13.0 || >=20.9.0"
      },
      "peerDependencies": {
        "@angular/animations": "17.1.2",
        "@angular/common": "17.1.2",
        "@angular/core": "17.1.2"
      },
      "peerDependenciesMeta": {
        "@angular/animations": {
          "optional": true
        }
      }
    },
    "node_modules/@angular/platform-browser-dynamic": {
      "version": "17.1.2",
      "resolved": "https://registry.npmjs.org/@angular/platform-browser-dynamic/-/platform-browser-dynamic-17.1.2.tgz",
      "integrity": "sha512-xiWVDHbA+owDhKo5SAnzZtawA1ktGthlCl3YTI+vmkJpF6axkYOqR7YL+aEQX/y/5GSK+oR+03SgAnYcpOwKlQ==",
      "dependencies": {
        "tslib": "^2.3.0"
      },
      "engines": {
        "node": "^18.13.0 || >=20.9.0"
      },
      "peerDependencies": {
        "@angular/common": "17.1.2",
        "@angular/compiler": "17.1.2",
        "@angular/core": "17.1.2",
        "@angular/platform-browser": "17.1.2"
      }
    },
    "node_modules/@angular/router": {
      "version": "17.1.2",
      "resolved": "https://registry.npmjs.org/@angular/router/-/router-17.1.2.tgz",
      "integrity": "sha512-8OexxiiscRdfEiB6jOKlZFyAKZtvIQvh0ugW6U7nAXPV5XsA2UL80sXkc829eH0DnJn2Wj/HS6ZNGgG81PWDHg==",
      "dependencies": {
        "tslib": "^2.3.0"
      },
      "engines": {
        "node": "^18.13.0 || >=20.9.0"
      },
      "peerDependencies": {
        "@angular/common": "17.1.2",
        "@angular/core": "17.1.2",
        "@angular/platform-browser": "17.1.2",
        "rxjs": "^6.5.3 || ^7.4.0"
      }
    },
    "node_modules/@popperjs/core": {
      "version": "2.11.8",
      "resolved": "https://registry.npmjs.org/@popperjs/core/-/core-2.11.8.tgz",
      "integrity": "sha512-P1st0aksCrn9sGZhp8GMYwBnQsbvAWsZAX44oXNNvLHGqAOcoVxmjZiohstwQ7SqKnbR47akdNi+uleWD8+g6A==",
      "peer": true,
      "funding": {
        "type": "opencollective",
        "url": "https://opencollective.com/popperjs"
      }
    },
    "node_modules/async-mutex": {
      "version": "0.3.2",
      "resolved": "https://registry.npmjs.org/async-mutex/-/async-mutex-0.3.2.tgz",
      "integrity": "sha512-HuTK7E7MT7jZEh1P9GtRW9+aTWiDWWi9InbZ5hjxrnRa39KS4BW04+xLBhYNS2aXhHUIKZSw3gj4Pn1pj+qGAA==",
      "dependencies": {
        "tslib": "^2.3.1"
      }
    },
    "node_modules/axios": {
      "version": "0.26.0",
      "resolved": "https://registry.npmjs.org/axios/-/axios-0.26.0.tgz",
      "integrity": "sha512-lKoGLMYtHvFrPVt3r+RBMp9nh34N0M8zEfCWqdWZx6phynIEhQqAdydpyBAAG211zlhX9Rgu08cOamy6XjE5Og==",
      "dependencies": {
        "follow-redirects": "^1.14.8"
      }
    },
    "node_modules/bootstrap": {
      "version": "5.3.2",
      "resolved": "https://registry.npmjs.org/bootstrap/-/bootstrap-5.3.2.tgz",
      "integrity": "sha512-D32nmNWiQHo94BKHLmOrdjlL05q1c8oxbtBphQFb9Z5to6eGRDCm0QgeaZ4zFBHzfg2++rqa2JkqCcxDy0sH0g==",
      "funding": [
        {
          "type": "github",
          "url": "https://github.com/sponsors/twbs"
        },
        {
          "type": "opencollective",
          "url": "https://opencollective.com/bootstrap"
        }
      ],
      "peerDependencies": {
        "@popperjs/core": "^2.11.8"
      }
    },
    "node_modules/bootswatch": {
      "version": "5.3.2",
      "resolved": "https://registry.npmjs.org/bootswatch/-/bootswatch-5.3.2.tgz",
      "integrity": "sha512-r05xOSLSx7MJvjpk/uoU8wPYgkPHWLV+uenLaRsS7yBsqSUcWYPjeUkz+tmrRv6s1eFxkF08NvQfBSSPCTyYaA=="
    },
    "node_modules/follow-redirects": {
      "version": "1.15.6",
      "resolved": "https://registry.npmjs.org/follow-redirects/-/follow-redirects-1.15.6.tgz",
      "integrity": "sha512-wWN62YITEaOpSK584EZXJafH1AGpO8RVgElfkuXbTOrPX4fIfOyEpW/CsiNd8JdYrAoOvafRTOEnvsO++qCqFA==",
      "funding": [
        {
          "type": "individual",
          "url": "https://github.com/sponsors/RubenVerborgh"
        }
      ],
      "engines": {
        "node": ">=4.0"
      },
      "peerDependenciesMeta": {
        "debug": {
          "optional": true
        }
      }
    },
    "node_modules/glow.ts": {
      "version": "1.0.2",
      "resolved": "https://registry.npmjs.org/glow.ts/-/glow.ts-1.0.2.tgz",
      "integrity": "sha512-p3tkxHd6WO+BGbwOTZdbHcdgzk7PckZ+9iAEgn+Xo2HGZXoQP3OxWbC4sgE9WWtuRfoKYTNEvi/6CVW+J1PObw==",
      "dependencies": {
        "async-mutex": "0.3.2",
        "axios": "0.26.0",
        "js-sha256": "0.9.0",
        "tweetnacl": "1.0.3"
      }
    },
    "node_modules/js-sha256": {
      "version": "0.9.0",
      "resolved": "https://registry.npmjs.org/js-sha256/-/js-sha256-0.9.0.tgz",
      "integrity": "sha512-sga3MHh9sgQN2+pJ9VYZ+1LPwXOxuBJBA5nrR5/ofPfuiJBE2hnjsaN8se8JznOmGLN2p49Pe5U/ttafcs/apA=="
    },
    "node_modules/rxjs": {
      "version": "7.8.1",
      "resolved": "https://registry.npmjs.org/rxjs/-/rxjs-7.8.1.tgz",
      "integrity": "sha512-AA3TVj+0A2iuIoQkWEK/tqFjBq2j+6PO6Y0zJcvzLAFhEFIO3HL0vls9hWLncZbAAbK0mar7oZ4V079I/qPMxg==",
      "peer": true,
      "dependencies": {
        "tslib": "^2.1.0"
      }
    },
    "node_modules/tslib": {
      "version": "2.6.2",
      "resolved": "https://registry.npmjs.org/tslib/-/tslib-2.6.2.tgz",
      "integrity": "sha512-AEYxH93jGFPn/a2iVAwW87VuUIkR1FVUKB77NwMF7nBTDkDrrT/Hpt/IrCJ0QXhW27jTBDcf5ZY7w6RiqTMw2Q=="
    },
    "node_modules/tweetnacl": {
      "version": "1.0.3",
      "resolved": "https://registry.npmjs.org/tweetnacl/-/tweetnacl-1.0.3.tgz",
      "integrity": "sha512-6rt+RN7aOi1nGMyC4Xa5DdYiukl2UWCbcJft7YhxReBGQD7OAM8Pbxw6YMo4r2diNEA8FEmu32YOn9rhaiE5yw=="
    },
    "node_modules/zax-dashboard": {
      "version": "1.0.6",
      "resolved": "https://registry.npmjs.org/zax-dashboard/-/zax-dashboard-1.0.6.tgz",
      "integrity": "sha512-fAyblrTYTF6PHlgXqDRSkUZK0O/S7wkRPYXP05IQR/avEdmWjX9DYgo/bPm+FLfn2ikqBj6SOMJvCEpKMcEEBA==",
      "dependencies": {
        "@angular/animations": "17.1.2",
        "@angular/common": "17.1.2",
        "@angular/compiler": "17.1.2",
        "@angular/core": "17.1.2",
        "@angular/forms": "17.1.2",
        "@angular/platform-browser": "17.1.2",
        "@angular/platform-browser-dynamic": "17.1.2",
        "@angular/router": "17.1.2",
        "bootstrap": "5.3.2",
        "bootswatch": "5.3.2",
        "glow.ts": "1.0.2",
        "zone.js": "0.14.3"
      }
    },
    "node_modules/zone.js": {
      "version": "0.14.3",
      "resolved": "https://registry.npmjs.org/zone.js/-/zone.js-0.14.3.tgz",
      "integrity": "sha512-jYoNqF046Q+JfcZSItRSt+oXFcpXL88yq7XAZjb/NKTS7w2hHpKjRJ3VlFD1k75wMaRRXNUt5vrZVlygiMyHbA==",
      "dependencies": {
        "tslib": "^2.3.0"
      }
    }
  },
  "dependencies": {
    "@angular/animations": {
      "version": "17.1.2",
      "resolved": "https://registry.npmjs.org/@angular/animations/-/animations-17.1.2.tgz",
      "integrity": "sha512-ZsHa/zoWBOZdispjcNgXCoF9MAtc6Zyzc/QFUjtOFI9vigOI8tWP6GY1Wfeg4cyL+R3uDGYBgMrdr8l84VfuKg==",
      "requires": {
        "tslib": "^2.3.0"
      }
    },
    "@angular/common": {
      "version": "17.1.2",
      "resolved": "https://registry.npmjs.org/@angular/common/-/common-17.1.2.tgz",
      "integrity": "sha512-y/wD+zuPaPgK3dB80Q63qBtuu5TuryKuUgjWrOmrguBWV9oiJRhKQrcp1gVw9vVrowmbDBKGtPMS622Q4oxOWQ==",
      "requires": {
        "tslib": "^2.3.0"
      }
    },
    "@angular/compiler": {
      "version": "17.1.2",
      "resolved": "https://registry.npmjs.org/@angular/compiler/-/compiler-17.1.2.tgz",
      "integrity": "sha512-1vJuQRM5V01nC6qsLvBKrHVZXpzbK0YKubwVQUXCSfDNZBcDFak3SQcwU4C2t880rU3ZvFDB1UWfk7CKn5w9Kw==",
      "requires": {
        "tslib": "^2.3.0"
      }
    },
    "@angular/core": {
      "version": "17.1.2",
      "resolved": "https://registry.npmjs.org/@angular/core/-/core-17.1.2.tgz",
      "integrity": "sha512-0M787BZVgYSVogHCUzo/dFrT56TgfQoEsOQngHMpyERJZv6dycXZlRdHc6TzvHUa+Uu/MNjn/RclBR8063bdWA==",
      "requires": {
        "tslib": "^2.3.0"
      }
    },
    "@angular/forms": {
      "version": "17.1.2",
      "resolved": "https://registry.npmjs.org/@angular/forms/-/forms-17.1.2.tgz",
      "integrity": "sha512-n1WsZAL2IVOB6ocROKR6CFOR14PIC9RGAB41SwTfPhJeBM1kjW48bXY0sw97TasxM4mWJKGCmFXu0jQwkoeSpQ==",
      "requires": {
        "tslib": "^2.3.0"
      }
    },
    "@angular/platform-browser": {
      "version": "17.1.2",
      "resolved": "https://registry.npmjs.org/@angular/platform-browser/-/platform-browser-17.1.2.tgz",
      "integrity": "sha512-unfpA5OLnqDmDb/oAQR2t2iROpOg02qwZayxyFg4MUZdDdnghPCfX77L2sr6oVVa7OJfKYFlmwmBXX1H3zjcXA==",
      "requires": {
        "tslib": "^2.3.0"
      }
    },
    "@angular/platform-browser-dynamic": {
      "version": "17.1.2",
      "resolved": "https://registry.npmjs.org/@angular/platform-browser-dynamic/-/platform-browser-dynamic-17.1.2.tgz",
      "integrity": "sha512-xiWVDHbA+owDhKo5SAnzZtawA1ktGthlCl3YTI+vmkJpF6axkYOqR7YL+aEQX/y/5GSK+oR+03SgAnYcpOwKlQ==",
      "requires": {
        "tslib": "^2.3.0"
      }
    },
    "@angular/router": {
      "version": "17.1.2",
      "resolved": "https://registry.npmjs.org/@angular/router/-/router-17.1.2.tgz",
      "integrity": "sha512-8OexxiiscRdfEiB6jOKlZFyAKZtvIQvh0ugW6U7nAXPV5XsA2UL80sXkc829eH0DnJn2Wj/HS6ZNGgG81PWDHg==",
      "requires": {
        "tslib": "^2.3.0"
      }
    },
    "@popperjs/core": {
      "version": "2.11.8",
      "resolved": "https://registry.npmjs.org/@popperjs/core/-/core-2.11.8.tgz",
      "integrity": "sha512-P1st0aksCrn9sGZhp8GMYwBnQsbvAWsZAX44oXNNvLHGqAOcoVxmjZiohstwQ7SqKnbR47akdNi+uleWD8+g6A==",
      "peer": true
    },
    "async-mutex": {
      "version": "0.3.2",
      "resolved": "https://registry.npmjs.org/async-mutex/-/async-mutex-0.3.2.tgz",
      "integrity": "sha512-HuTK7E7MT7jZEh1P9GtRW9+aTWiDWWi9InbZ5hjxrnRa39KS4BW04+xLBhYNS2aXhHUIKZSw3gj4Pn1pj+qGAA==",
      "requires": {
        "tslib": "^2.3.1"
      }
    },
    "axios": {
      "version": "0.26.0",
      "resolved": "https://registry.npmjs.org/axios/-/axios-0.26.0.tgz",
      "integrity": "sha512-lKoGLMYtHvFrPVt3r+RBMp9nh34N0M8zEfCWqdWZx6phynIEhQqAdydpyBAAG211zlhX9Rgu08cOamy6XjE5Og==",
      "requires": {
        "follow-redirects": "^1.14.8"
      }
    },
    "bootstrap": {
      "version": "5.3.2",
      "resolved": "https://registry.npmjs.org/bootstrap/-/bootstrap-5.3.2.tgz",
      "integrity": "sha512-D32nmNWiQHo94BKHLmOrdjlL05q1c8oxbtBphQFb9Z5to6eGRDCm0QgeaZ4zFBHzfg2++rqa2JkqCcxDy0sH0g==",
      "requires": {}
    },
    "bootswatch": {
      "version": "5.3.2",
      "resolved": "https://registry.npmjs.org/bootswatch/-/bootswatch-5.3.2.tgz",
      "integrity": "sha512-r05xOSLSx7MJvjpk/uoU8wPYgkPHWLV+uenLaRsS7yBsqSUcWYPjeUkz+tmrRv6s1eFxkF08NvQfBSSPCTyYaA=="
    },
    "follow-redirects": {
      "version": "1.15.6",
      "resolved": "https://registry.npmjs.org/follow-redirects/-/follow-redirects-1.15.6.tgz",
      "integrity": "sha512-wWN62YITEaOpSK584EZXJafH1AGpO8RVgElfkuXbTOrPX4fIfOyEpW/CsiNd8JdYrAoOvafRTOEnvsO++qCqFA=="
    },
    "glow.ts": {
      "version": "1.0.2",
      "resolved": "https://registry.npmjs.org/glow.ts/-/glow.ts-1.0.2.tgz",
      "integrity": "sha512-p3tkxHd6WO+BGbwOTZdbHcdgzk7PckZ+9iAEgn+Xo2HGZXoQP3OxWbC4sgE9WWtuRfoKYTNEvi/6CVW+J1PObw==",
      "requires": {
        "async-mutex": "0.3.2",
        "axios": "0.26.0",
        "js-sha256": "0.9.0",
        "tweetnacl": "1.0.3"
      }
    },
    "js-sha256": {
      "version": "0.9.0",
      "resolved": "https://registry.npmjs.org/js-sha256/-/js-sha256-0.9.0.tgz",
      "integrity": "sha512-sga3MHh9sgQN2+pJ9VYZ+1LPwXOxuBJBA5nrR5/ofPfuiJBE2hnjsaN8se8JznOmGLN2p49Pe5U/ttafcs/apA=="
    },
    "rxjs": {
      "version": "7.8.1",
      "resolved": "https://registry.npmjs.org/rxjs/-/rxjs-7.8.1.tgz",
      "integrity": "sha512-AA3TVj+0A2iuIoQkWEK/tqFjBq2j+6PO6Y0zJcvzLAFhEFIO3HL0vls9hWLncZbAAbK0mar7oZ4V079I/qPMxg==",
      "peer": true,
      "requires": {
        "tslib": "^2.1.0"
      }
    },
    "tslib": {
      "version": "2.6.2",
      "resolved": "https://registry.npmjs.org/tslib/-/tslib-2.6.2.tgz",
      "integrity": "sha512-AEYxH93jGFPn/a2iVAwW87VuUIkR1FVUKB77NwMF7nBTDkDrrT/Hpt/IrCJ0QXhW27jTBDcf5ZY7w6RiqTMw2Q=="
    },
    "tweetnacl": {
      "version": "1.0.3",
      "resolved": "https://registry.npmjs.org/tweetnacl/-/tweetnacl-1.0.3.tgz",
      "integrity": "sha512-6rt+RN7aOi1nGMyC4Xa5DdYiukl2UWCbcJft7YhxReBGQD7OAM8Pbxw6YMo4r2diNEA8FEmu32YOn9rhaiE5yw=="
    },
    "zax-dashboard": {
      "version": "1.0.6",
      "resolved": "https://registry.npmjs.org/zax-dashboard/-/zax-dashboard-1.0.6.tgz",
      "integrity": "sha512-fAyblrTYTF6PHlgXqDRSkUZK0O/S7wkRPYXP05IQR/avEdmWjX9DYgo/bPm+FLfn2ikqBj6SOMJvCEpKMcEEBA==",
      "requires": {
        "@angular/animations": "17.1.2",
        "@angular/common": "17.1.2",
        "@angular/compiler": "17.1.2",
        "@angular/core": "17.1.2",
        "@angular/forms": "17.1.2",
        "@angular/platform-browser": "17.1.2",
        "@angular/platform-browser-dynamic": "17.1.2",
        "@angular/router": "17.1.2",
        "bootstrap": "5.3.2",
        "bootswatch": "5.3.2",
        "glow.ts": "1.0.2",
        "zone.js": "0.14.3"
      }
    },
    "zone.js": {
      "version": "0.14.3",
      "resolved": "https://registry.npmjs.org/zone.js/-/zone.js-0.14.3.tgz",
      "integrity": "sha512-jYoNqF046Q+JfcZSItRSt+oXFcpXL88yq7XAZjb/NKTS7w2hHpKjRJ3VlFD1k75wMaRRXNUt5vrZVlygiMyHbA==",
      "requires": {
        "tslib": "^2.3.0"
      }
    }
  }
}
