{
  "name": "zax",
  "lockfileVersion": 2,
  "requires": true,
  "packages": {
    "": {
      "dependencies": {
        "zax-dashboard": "^1.0.15"
      }
    },
    "node_modules/@angular/animations": {
      "version": "21.0.8",
      "resolved": "https://registry.npmjs.org/@angular/animations/-/animations-21.0.8.tgz",
      "integrity": "sha512-1YXHZQO/LYiExbg7sZhiqqF5fMcH17iVgK1tI2Gk90Yy0HQAuqnteOv3pPGgUfLowNOWK0sGhCYbB2Lq21LA3w==",
      "license": "MIT",
      "dependencies": {
        "tslib": "^2.3.0"
      },
      "engines": {
        "node": "^20.19.0 || ^22.12.0 || >=24.0.0"
      },
      "peerDependencies": {
        "@angular/core": "21.0.8"
      }
    },
    "node_modules/@angular/common": {
      "version": "21.0.8",
      "resolved": "https://registry.npmjs.org/@angular/common/-/common-21.0.8.tgz",
      "integrity": "sha512-on1B4oc/pf7IlkbG08Et/cCDSX8dpZz9iwp3zMFN/0JvorspyL5YOovFJfjdpmjdlrIi+ToGImwyIkY9P8Mblw==",
      "license": "MIT",
      "dependencies": {
        "tslib": "^2.3.0"
      },
      "engines": {
        "node": "^20.19.0 || ^22.12.0 || >=24.0.0"
      },
      "peerDependencies": {
        "@angular/core": "21.0.8",
        "rxjs": "^6.5.3 || ^7.4.0"
      }
    },
    "node_modules/@angular/compiler": {
      "version": "21.0.8",
      "resolved": "https://registry.npmjs.org/@angular/compiler/-/compiler-21.0.8.tgz",
      "integrity": "sha512-k/EPMuNvfn0eebEMmVcwhMlCWqzER/BEHVqTQCKsAAt7AuYZuluz7oR8Ypw96v3jbY+ZaH1ZvAzrK6URzryhOg==",
      "license": "MIT",
      "dependencies": {
        "tslib": "^2.3.0"
      },
      "engines": {
        "node": "^20.19.0 || ^22.12.0 || >=24.0.0"
      }
    },
    "node_modules/@angular/core": {
      "version": "21.0.8",
      "resolved": "https://registry.npmjs.org/@angular/core/-/core-21.0.8.tgz",
      "integrity": "sha512-8dNolIQn8WHrD3PsqGuPrujxDX5hjpMbioifIByjjX9yaJy9on7AewVGb8m/DHVwWQ1eGVAGmvW9wt+h+nlzLg==",
      "license": "MIT",
      "dependencies": {
        "tslib": "^2.3.0"
      },
      "engines": {
        "node": "^20.19.0 || ^22.12.0 || >=24.0.0"
      },
      "peerDependencies": {
        "@angular/compiler": "21.0.8",
        "rxjs": "^6.5.3 || ^7.4.0",
        "zone.js": "~0.15.0 || ~0.16.0"
      },
      "peerDependenciesMeta": {
        "@angular/compiler": {
          "optional": true
        },
        "zone.js": {
          "optional": true
        }
      }
    },
    "node_modules/@angular/forms": {
      "version": "21.0.8",
      "resolved": "https://registry.npmjs.org/@angular/forms/-/forms-21.0.8.tgz",
      "integrity": "sha512-H03A50elawXO53xkz0Aytar5kYT14GLeaj6dLKc1kcR5NqvX9Y/R7z3bY52tvypAdIR8CmPT7ad07TlT4O9lkg==",
      "license": "MIT",
      "dependencies": {
        "@standard-schema/spec": "^1.0.0",
        "tslib": "^2.3.0"
      },
      "engines": {
        "node": "^20.19.0 || ^22.12.0 || >=24.0.0"
      },
      "peerDependencies": {
        "@angular/common": "21.0.8",
        "@angular/core": "21.0.8",
        "@angular/platform-browser": "21.0.8",
        "rxjs": "^6.5.3 || ^7.4.0"
      }
    },
    "node_modules/@angular/platform-browser": {
      "version": "21.0.8",
      "resolved": "https://registry.npmjs.org/@angular/platform-browser/-/platform-browser-21.0.8.tgz",
      "integrity": "sha512-5rPyrP6n6ClO0ZEUXndS2/Xb7nZrbjjYWOxgfCb+ZTCiU7eyN6zhSmicKk2dLQxE1M15wbTa87dN6/Ytuq2uvg==",
      "license": "MIT",
      "dependencies": {
        "tslib": "^2.3.0"
      },
      "engines": {
        "node": "^20.19.0 || ^22.12.0 || >=24.0.0"
      },
      "peerDependencies": {
        "@angular/animations": "21.0.8",
        "@angular/common": "21.0.8",
        "@angular/core": "21.0.8"
      },
      "peerDependenciesMeta": {
        "@angular/animations": {
          "optional": true
        }
      }
    },
    "node_modules/@angular/platform-browser-dynamic": {
      "version": "21.0.8",
      "resolved": "https://registry.npmjs.org/@angular/platform-browser-dynamic/-/platform-browser-dynamic-21.0.8.tgz",
      "integrity": "sha512-i1pW2tSl9zG8hkqPYPifP7WGNDUuqIn8YVCLizNahINin5OIcb/KfuoYBC2zfDlaJaTY9no6PHbsbTD0cP5hrg==",
      "license": "MIT",
      "dependencies": {
        "tslib": "^2.3.0"
      },
      "engines": {
        "node": "^20.19.0 || ^22.12.0 || >=24.0.0"
      },
      "peerDependencies": {
        "@angular/common": "21.0.8",
        "@angular/compiler": "21.0.8",
        "@angular/core": "21.0.8",
        "@angular/platform-browser": "21.0.8"
      }
    },
    "node_modules/@angular/router": {
      "version": "21.0.8",
      "resolved": "https://registry.npmjs.org/@angular/router/-/router-21.0.8.tgz",
      "integrity": "sha512-LPR65wyWBSyR46fGeQtD92+TM635o0lh+N5k9qPZdMacogwViTrtBHWPfKYBtBUXLWEWXXKJfSbXvhh3w3uLxw==",
      "license": "MIT",
      "dependencies": {
        "tslib": "^2.3.0"
      },
      "engines": {
        "node": "^20.19.0 || ^22.12.0 || >=24.0.0"
      },
      "peerDependencies": {
        "@angular/common": "21.0.8",
        "@angular/core": "21.0.8",
        "@angular/platform-browser": "21.0.8",
        "rxjs": "^6.5.3 || ^7.4.0"
      }
    },
    "node_modules/@popperjs/core": {
      "version": "2.11.8",
      "resolved": "https://registry.npmjs.org/@popperjs/core/-/core-2.11.8.tgz",
      "integrity": "sha512-P1st0aksCrn9sGZhp8GMYwBnQsbvAWsZAX44oXNNvLHGqAOcoVxmjZiohstwQ7SqKnbR47akdNi+uleWD8+g6A==",
      "license": "MIT",
      "peer": true,
      "funding": {
        "type": "opencollective",
        "url": "https://opencollective.com/popperjs"
      }
    },
    "node_modules/@standard-schema/spec": {
      "version": "1.1.0",
      "resolved": "https://registry.npmjs.org/@standard-schema/spec/-/spec-1.1.0.tgz",
      "integrity": "sha512-l2aFy5jALhniG5HgqrD6jXLi/rUWrKvqN/qJx6yoJsgKhblVd+iqqU4RCXavm/jPityDo5TCvKMnpjKnOriy0w==",
      "license": "MIT"
    },
    "node_modules/async-mutex": {
      "version": "0.5.0",
      "resolved": "https://registry.npmjs.org/async-mutex/-/async-mutex-0.5.0.tgz",
      "integrity": "sha512-1A94B18jkJ3DYq284ohPxoXbfTA5HsQ7/Mf4DEhcyLx3Bz27Rh59iScbB6EPiP+B+joue6YCxcMXSbFC1tZKwA==",
      "license": "MIT",
      "dependencies": {
        "tslib": "^2.4.0"
      }
    },
    "node_modules/bootstrap": {
      "version": "5.3.8",
      "resolved": "https://registry.npmjs.org/bootstrap/-/bootstrap-5.3.8.tgz",
      "integrity": "sha512-HP1SZDqaLDPwsNiqRqi5NcP0SSXciX2s9E+RyqJIIqGo+vJeN5AJVM98CXmW/Wux0nQ5L7jeWUdplCEf0Ee+tg==",
      "funding": [
        {
          "type": "github",
          "url": "https://github.com/sponsors/twbs"
        },
        {
          "type": "opencollective",
          "url": "https://opencollective.com/bootstrap"
        }
      ],
      "license": "MIT",
      "peerDependencies": {
        "@popperjs/core": "^2.11.8"
      }
    },
    "node_modules/bootswatch": {
      "version": "5.3.8",
      "resolved": "https://registry.npmjs.org/bootswatch/-/bootswatch-5.3.8.tgz",
      "integrity": "sha512-88mnH9tv+x6DV+scBxYFOpM4YSDVhyfEgbhqaEfvkHNctKI9qRcACxIP9nmBZ5mSeLXtsgax1VsRkUs1eWjlAQ==",
      "license": "MIT"
    },
    "node_modules/glow.ts": {
      "version": "1.1.1",
      "resolved": "https://registry.npmjs.org/glow.ts/-/glow.ts-1.1.1.tgz",
      "integrity": "sha512-mtuGxGtLfeWkjoY5X0BRROSoQK8RXtuRcTrVw2pohyU4QjrsoYwc8wQdxdUdE+DSa44u2KQ7JsMkJZG9A2PI7Q==",
      "license": "MIT",
      "dependencies": {
        "async-mutex": "0.5.0",
        "tweetnacl": "1.0.3"
      }
    },
    "node_modules/rxjs": {
      "version": "7.8.2",
      "resolved": "https://registry.npmjs.org/rxjs/-/rxjs-7.8.2.tgz",
      "integrity": "sha512-dhKf903U/PQZY6boNNtAGdWbG85WAbjT/1xYoZIC7FAY0yWapOBQVsVrDl58W86//e1VpMNBtRV4MaXfdMySFA==",
      "license": "Apache-2.0",
      "dependencies": {
        "tslib": "^2.1.0"
      }
    },
    "node_modules/tslib": {
      "version": "2.8.1",
      "resolved": "https://registry.npmjs.org/tslib/-/tslib-2.8.1.tgz",
      "integrity": "sha512-oJFu94HQb+KVduSUQL7wnpmqnfmLsOA/nAh6b6EH0wCEoK0/mPeXU6c3wKDV83MkOuHPRHtSXKKU99IBazS/2w==",
      "license": "0BSD"
    },
    "node_modules/tweetnacl": {
      "version": "1.0.3",
      "resolved": "https://registry.npmjs.org/tweetnacl/-/tweetnacl-1.0.3.tgz",
      "integrity": "sha512-6rt+RN7aOi1nGMyC4Xa5DdYiukl2UWCbcJft7YhxReBGQD7OAM8Pbxw6YMo4r2diNEA8FEmu32YOn9rhaiE5yw==",
      "license": "Unlicense"
    },
    "node_modules/zax-dashboard": {
      "version": "1.0.15",
      "resolved": "https://registry.npmjs.org/zax-dashboard/-/zax-dashboard-1.0.15.tgz",
      "integrity": "sha512-GQfJrlqFGwf68qctYz8SHVKaDMGV78QW8trHCnRYhCpDAwRXPDDvVu7e6sj9o459Cex8HiHR+TzVCbXh1yV7aA==",
      "license": "MIT",
      "dependencies": {
        "@angular/animations": "21.0.8",
        "@angular/common": "21.0.8",
        "@angular/compiler": "21.0.8",
        "@angular/core": "21.0.8",
        "@angular/forms": "21.0.8",
        "@angular/platform-browser": "21.0.8",
        "@angular/platform-browser-dynamic": "21.0.8",
        "@angular/router": "21.0.8",
        "bootstrap": "5.3.8",
        "bootswatch": "5.3.8",
        "glow.ts": "1.1.1",
        "rxjs": "7.8.2",
        "zone.js": "0.15.1"
      }
    },
    "node_modules/zone.js": {
      "version": "0.15.1",
      "resolved": "https://registry.npmjs.org/zone.js/-/zone.js-0.15.1.tgz",
      "integrity": "sha512-XE96n56IQpJM7NAoXswY3XRLcWFW83xe0BiAOeMD7K5k5xecOeul3Qcpx6GqEeeHNkW5DWL5zOyTbEfB4eti8w==",
      "license": "MIT"
    }
  },
  "dependencies": {
    "@angular/animations": {
      "version": "21.0.8",
      "resolved": "https://registry.npmjs.org/@angular/animations/-/animations-21.0.8.tgz",
      "integrity": "sha512-1YXHZQO/LYiExbg7sZhiqqF5fMcH17iVgK1tI2Gk90Yy0HQAuqnteOv3pPGgUfLowNOWK0sGhCYbB2Lq21LA3w==",
      "requires": {
        "tslib": "^2.3.0"
      }
    },
    "@angular/common": {
      "version": "21.0.8",
      "resolved": "https://registry.npmjs.org/@angular/common/-/common-21.0.8.tgz",
      "integrity": "sha512-on1B4oc/pf7IlkbG08Et/cCDSX8dpZz9iwp3zMFN/0JvorspyL5YOovFJfjdpmjdlrIi+ToGImwyIkY9P8Mblw==",
      "requires": {
        "tslib": "^2.3.0"
      }
    },
    "@angular/compiler": {
      "version": "21.0.8",
      "resolved": "https://registry.npmjs.org/@angular/compiler/-/compiler-21.0.8.tgz",
      "integrity": "sha512-k/EPMuNvfn0eebEMmVcwhMlCWqzER/BEHVqTQCKsAAt7AuYZuluz7oR8Ypw96v3jbY+ZaH1ZvAzrK6URzryhOg==",
      "requires": {
        "tslib": "^2.3.0"
      }
    },
    "@angular/core": {
      "version": "21.0.8",
      "resolved": "https://registry.npmjs.org/@angular/core/-/core-21.0.8.tgz",
      "integrity": "sha512-8dNolIQn8WHrD3PsqGuPrujxDX5hjpMbioifIByjjX9yaJy9on7AewVGb8m/DHVwWQ1eGVAGmvW9wt+h+nlzLg==",
      "requires": {
        "tslib": "^2.3.0"
      }
    },
    "@angular/forms": {
      "version": "21.0.8",
      "resolved": "https://registry.npmjs.org/@angular/forms/-/forms-21.0.8.tgz",
      "integrity": "sha512-H03A50elawXO53xkz0Aytar5kYT14GLeaj6dLKc1kcR5NqvX9Y/R7z3bY52tvypAdIR8CmPT7ad07TlT4O9lkg==",
      "requires": {
        "@standard-schema/spec": "^1.0.0",
        "tslib": "^2.3.0"
      }
    },
    "@angular/platform-browser": {
      "version": "21.0.8",
      "resolved": "https://registry.npmjs.org/@angular/platform-browser/-/platform-browser-21.0.8.tgz",
      "integrity": "sha512-5rPyrP6n6ClO0ZEUXndS2/Xb7nZrbjjYWOxgfCb+ZTCiU7eyN6zhSmicKk2dLQxE1M15wbTa87dN6/Ytuq2uvg==",
      "requires": {
        "tslib": "^2.3.0"
      }
    },
    "@angular/platform-browser-dynamic": {
      "version": "21.0.8",
      "resolved": "https://registry.npmjs.org/@angular/platform-browser-dynamic/-/platform-browser-dynamic-21.0.8.tgz",
      "integrity": "sha512-i1pW2tSl9zG8hkqPYPifP7WGNDUuqIn8YVCLizNahINin5OIcb/KfuoYBC2zfDlaJaTY9no6PHbsbTD0cP5hrg==",
      "requires": {
        "tslib": "^2.3.0"
      }
    },
    "@angular/router": {
      "version": "21.0.8",
      "resolved": "https://registry.npmjs.org/@angular/router/-/router-21.0.8.tgz",
      "integrity": "sha512-LPR65wyWBSyR46fGeQtD92+TM635o0lh+N5k9qPZdMacogwViTrtBHWPfKYBtBUXLWEWXXKJfSbXvhh3w3uLxw==",
      "requires": {
        "tslib": "^2.3.0"
      }
    },
    "@popperjs/core": {
      "version": "2.11.8",
      "resolved": "https://registry.npmjs.org/@popperjs/core/-/core-2.11.8.tgz",
      "integrity": "sha512-P1st0aksCrn9sGZhp8GMYwBnQsbvAWsZAX44oXNNvLHGqAOcoVxmjZiohstwQ7SqKnbR47akdNi+uleWD8+g6A==",
      "peer": true
    },
    "@standard-schema/spec": {
      "version": "1.1.0",
      "resolved": "https://registry.npmjs.org/@standard-schema/spec/-/spec-1.1.0.tgz",
      "integrity": "sha512-l2aFy5jALhniG5HgqrD6jXLi/rUWrKvqN/qJx6yoJsgKhblVd+iqqU4RCXavm/jPityDo5TCvKMnpjKnOriy0w=="
    },
    "async-mutex": {
      "version": "0.5.0",
      "resolved": "https://registry.npmjs.org/async-mutex/-/async-mutex-0.5.0.tgz",
      "integrity": "sha512-1A94B18jkJ3DYq284ohPxoXbfTA5HsQ7/Mf4DEhcyLx3Bz27Rh59iScbB6EPiP+B+joue6YCxcMXSbFC1tZKwA==",
      "requires": {
        "tslib": "^2.4.0"
      }
    },
    "bootstrap": {
      "version": "5.3.8",
      "resolved": "https://registry.npmjs.org/bootstrap/-/bootstrap-5.3.8.tgz",
      "integrity": "sha512-HP1SZDqaLDPwsNiqRqi5NcP0SSXciX2s9E+RyqJIIqGo+vJeN5AJVM98CXmW/Wux0nQ5L7jeWUdplCEf0Ee+tg==",
      "requires": {}
    },
    "bootswatch": {
      "version": "5.3.8",
      "resolved": "https://registry.npmjs.org/bootswatch/-/bootswatch-5.3.8.tgz",
      "integrity": "sha512-88mnH9tv+x6DV+scBxYFOpM4YSDVhyfEgbhqaEfvkHNctKI9qRcACxIP9nmBZ5mSeLXtsgax1VsRkUs1eWjlAQ=="
    },
    "glow.ts": {
      "version": "1.1.1",
      "resolved": "https://registry.npmjs.org/glow.ts/-/glow.ts-1.1.1.tgz",
      "integrity": "sha512-mtuGxGtLfeWkjoY5X0BRROSoQK8RXtuRcTrVw2pohyU4QjrsoYwc8wQdxdUdE+DSa44u2KQ7JsMkJZG9A2PI7Q==",
      "requires": {
        "async-mutex": "0.5.0",
        "tweetnacl": "1.0.3"
      }
    },
    "rxjs": {
      "version": "7.8.2",
      "resolved": "https://registry.npmjs.org/rxjs/-/rxjs-7.8.2.tgz",
      "integrity": "sha512-dhKf903U/PQZY6boNNtAGdWbG85WAbjT/1xYoZIC7FAY0yWapOBQVsVrDl58W86//e1VpMNBtRV4MaXfdMySFA==",
      "requires": {
        "tslib": "^2.1.0"
      }
    },
    "tslib": {
      "version": "2.8.1",
      "resolved": "https://registry.npmjs.org/tslib/-/tslib-2.8.1.tgz",
      "integrity": "sha512-oJFu94HQb+KVduSUQL7wnpmqnfmLsOA/nAh6b6EH0wCEoK0/mPeXU6c3wKDV83MkOuHPRHtSXKKU99IBazS/2w=="
    },
    "tweetnacl": {
      "version": "1.0.3",
      "resolved": "https://registry.npmjs.org/tweetnacl/-/tweetnacl-1.0.3.tgz",
      "integrity": "sha512-6rt+RN7aOi1nGMyC4Xa5DdYiukl2UWCbcJft7YhxReBGQD7OAM8Pbxw6YMo4r2diNEA8FEmu32YOn9rhaiE5yw=="
    },
    "zax-dashboard": {
      "version": "1.0.15",
      "resolved": "https://registry.npmjs.org/zax-dashboard/-/zax-dashboard-1.0.15.tgz",
      "integrity": "sha512-GQfJrlqFGwf68qctYz8SHVKaDMGV78QW8trHCnRYhCpDAwRXPDDvVu7e6sj9o459Cex8HiHR+TzVCbXh1yV7aA==",
      "requires": {
        "@angular/animations": "21.0.8",
        "@angular/common": "21.0.8",
        "@angular/compiler": "21.0.8",
        "@angular/core": "21.0.8",
        "@angular/forms": "21.0.8",
        "@angular/platform-browser": "21.0.8",
        "@angular/platform-browser-dynamic": "21.0.8",
        "@angular/router": "21.0.8",
        "bootstrap": "5.3.8",
        "bootswatch": "5.3.8",
        "glow.ts": "1.1.1",
        "rxjs": "7.8.2",
        "zone.js": "0.15.1"
      }
    },
    "zone.js": {
      "version": "0.15.1",
      "resolved": "https://registry.npmjs.org/zone.js/-/zone.js-0.15.1.tgz",
      "integrity": "sha512-XE96n56IQpJM7NAoXswY3XRLcWFW83xe0BiAOeMD7K5k5xecOeul3Qcpx6GqEeeHNkW5DWL5zOyTbEfB4eti8w=="
    }
  }
}
